# auto-generated by grc.converter

id: eventstream_patterned_interleaver
label: patterned_interleaver
category: es

parameters:
-   id: '...'
    label: '...'
    dtype: '...'

inputs:
-   domain: stream
    dtype: ''

outputs:
-   domain: stream
    dtype: ''

templates:
    imports: import eventstream as es
    make: es.patterned_interleaver(items, itemsize, pattern)

file_format: 1
